
Microsoft Visual Studio Solution File, Format Version 12.00
# Visual Studio 15
VisualStudioVersion = 15.0.28307.757
MinimumVisualStudioVersion = 10.0.40219.1
Project("{8BC9CEB8-8B4A-11D0-8D11-00A0C91BC942}") = "Parallel Binary Classification", "Parallel Binary Classification\Parallel Binary Classification.vcxproj", "{FDA354F3-DA23-40C7-8AE3-9788792383FB}"
EndProject
Global
	GlobalSection(SolutionConfigurationPlatforms) = preSolution
		Debug|x64 = Debug|x64
		Debug|x86 = Debug|x86
		Release|x64 = Release|x64
		Release|x86 = Release|x86
	EndGlobalSection
	GlobalSection(ProjectConfigurationPlatforms) = postSolution
		{FDA354F3-DA23-40C7-8AE3-9788792383FB}.Debug|x64.ActiveCfg = Debug|x64
		{FDA354F3-DA23-40C7-8AE3-9788792383FB}.Debug|x64.Build.0 = Debug|x64
		{FDA354F3-DA23-40C7-8AE3-9788792383FB}.Debug|x86.ActiveCfg = Debug|Win32
		{FDA354F3-DA23-40C7-8AE3-9788792383FB}.Debug|x86.Build.0 = Debug|Win32
		{FDA354F3-DA23-40C7-8AE3-9788792383FB}.Release|x64.ActiveCfg = Release|x64
		{FDA354F3-DA23-40C7-8AE3-9788792383FB}.Release|x64.Build.0 = Release|x64
		{FDA354F3-DA23-40C7-8AE3-9788792383FB}.Release|x86.ActiveCfg = Release|Win32
		{FDA354F3-DA23-40C7-8AE3-9788792383FB}.Release|x86.Build.0 = Release|Win32
	EndGlobalSection
	GlobalSection(SolutionProperties) = preSolution
		HideSolutionNode = FALSE
	EndGlobalSection
	GlobalSection(ExtensibilityGlobals) = postSolution
		SolutionGuid = {144CE4F7-B2B2-412A-8BD3-E9EF4C16FDBE}
	EndGlobalSection
EndGlobal
